
Microsoft Visual Studio Solution File, Format Version 12.00
# Visual Studio Version 17
VisualStudioVersion = 17.0.31919.166
MinimumVisualStudioVersion = 10.0.40219.1
Project("{9A19103F-16F7-4668-BE54-9A1E7A4F7556}") = "Infigo-api-sucks-solution", "Infigo-api-sucks-solution.csproj", "{3128A4AC-E8EE-4B0F-BEF1-199508D454AE}"
EndProject
Project("{9A19103F-16F7-4668-BE54-9A1E7A4F7556}") = "Infigo-api-sucks-Test", "..\Infigo-api-sucks-Test\Infigo-api-sucks-Test.csproj", "{5B2AE7A0-BCD6-418C-9A84-99B2BA643647}"
EndProject
Project("{930C7802-8A8C-48F9-8165-68863BCCD9DD}") = "SetupInfigoApiS", "..\SetupInfigoApiS\SetupInfigoApiS.wixproj", "{F62ED620-0AA2-43DD-AE13-5F7838ED7126}"
EndProject
Global
	GlobalSection(SolutionConfigurationPlatforms) = preSolution
		Debug|Any CPU = Debug|Any CPU
		Debug|x86 = Debug|x86
		Release|Any CPU = Release|Any CPU
		Release|x86 = Release|x86
	EndGlobalSection
	GlobalSection(ProjectConfigurationPlatforms) = postSolution
		{3128A4AC-E8EE-4B0F-BEF1-199508D454AE}.Debug|Any CPU.ActiveCfg = Debug|Any CPU
		{3128A4AC-E8EE-4B0F-BEF1-199508D454AE}.Debug|Any CPU.Build.0 = Debug|Any CPU
		{3128A4AC-E8EE-4B0F-BEF1-199508D454AE}.Debug|x86.ActiveCfg = Debug|Any CPU
		{3128A4AC-E8EE-4B0F-BEF1-199508D454AE}.Debug|x86.Build.0 = Debug|Any CPU
		{3128A4AC-E8EE-4B0F-BEF1-199508D454AE}.Release|Any CPU.ActiveCfg = Release|Any CPU
		{3128A4AC-E8EE-4B0F-BEF1-199508D454AE}.Release|Any CPU.Build.0 = Release|Any CPU
		{3128A4AC-E8EE-4B0F-BEF1-199508D454AE}.Release|x86.ActiveCfg = Release|Any CPU
		{3128A4AC-E8EE-4B0F-BEF1-199508D454AE}.Release|x86.Build.0 = Release|Any CPU
		{5B2AE7A0-BCD6-418C-9A84-99B2BA643647}.Debug|Any CPU.ActiveCfg = Debug|Any CPU
		{5B2AE7A0-BCD6-418C-9A84-99B2BA643647}.Debug|Any CPU.Build.0 = Debug|Any CPU
		{5B2AE7A0-BCD6-418C-9A84-99B2BA643647}.Debug|x86.ActiveCfg = Debug|Any CPU
		{5B2AE7A0-BCD6-418C-9A84-99B2BA643647}.Debug|x86.Build.0 = Debug|Any CPU
		{5B2AE7A0-BCD6-418C-9A84-99B2BA643647}.Release|Any CPU.ActiveCfg = Release|Any CPU
		{5B2AE7A0-BCD6-418C-9A84-99B2BA643647}.Release|Any CPU.Build.0 = Release|Any CPU
		{5B2AE7A0-BCD6-418C-9A84-99B2BA643647}.Release|x86.ActiveCfg = Release|Any CPU
		{5B2AE7A0-BCD6-418C-9A84-99B2BA643647}.Release|x86.Build.0 = Release|Any CPU
		{F62ED620-0AA2-43DD-AE13-5F7838ED7126}.Debug|Any CPU.ActiveCfg = Debug|x86
		{F62ED620-0AA2-43DD-AE13-5F7838ED7126}.Debug|Any CPU.Build.0 = Debug|x86
		{F62ED620-0AA2-43DD-AE13-5F7838ED7126}.Debug|x86.ActiveCfg = Debug|x86
		{F62ED620-0AA2-43DD-AE13-5F7838ED7126}.Debug|x86.Build.0 = Debug|x86
		{F62ED620-0AA2-43DD-AE13-5F7838ED7126}.Release|Any CPU.ActiveCfg = Release|x86
		{F62ED620-0AA2-43DD-AE13-5F7838ED7126}.Release|Any CPU.Build.0 = Release|x86
		{F62ED620-0AA2-43DD-AE13-5F7838ED7126}.Release|x86.ActiveCfg = Release|x86
		{F62ED620-0AA2-43DD-AE13-5F7838ED7126}.Release|x86.Build.0 = Release|x86
	EndGlobalSection
	GlobalSection(SolutionProperties) = preSolution
		HideSolutionNode = FALSE
	EndGlobalSection
	GlobalSection(ExtensibilityGlobals) = postSolution
		SolutionGuid = {8E6CB2B0-3C4A-410B-BA6A-1B12B563CD64}
	EndGlobalSection
EndGlobal
